{
  "name": "ziron-node-stream-connector",
  "version": "0.2.0",
  "lockfileVersion": 1,
  "requires": true,
  "dependencies": {
    "@types/node": {
      "version": "16.9.1",
      "resolved": "https://registry.npmjs.org/@types/node/-/node-16.9.1.tgz",
      "integrity": "sha512-QpLcX9ZSsq3YYUUnD3nFDY8H7wctAhQj/TFKL8Ya8v5fMm3CFXxo8zStsLAl780ltoYoo1WvKUVGBQK+1ifr7g=="
    },
    "typescript": {
      "version": "3.9.6",
      "resolved": "https://registry.npmjs.org/typescript/-/typescript-3.9.6.tgz",
      "integrity": "sha512-Pspx3oKAPJtjNwE92YS05HQoY7z2SFyOpHo9MqJor3BXAGNaPUs83CuVp9VISFkSjyRfiTpmKuAYGJB7S7hOxw==",
      "dev": true
    },
    "ziron-engine": {
      "version": "0.6.0",
      "resolved": "https://registry.npmjs.org/ziron-engine/-/ziron-engine-0.6.0.tgz",
      "integrity": "sha512-ZeM9CKirN3Z0YSHwewhtH3tpTyAdmsVxnVPFGB9dyewcxZ/+EdMJ/5QP2uoWvZwG9B785vnI3ei4aYuQDg2n6A=="
    }
  }
}
