{
  "name": "ziron-node-stream-connector",
  "version": "1.0.0",
  "lockfileVersion": 2,
  "requires": true,
  "packages": {
    "": {
      "name": "ziron-node-stream-connector",
      "version": "1.0.0",
      "license": "UNLICENSED",
      "dependencies": {
        "@types/node": "^16.9.1",
        "ziron-engine": "^2.1.0"
      },
      "devDependencies": {
        "typescript": "^3.7.5"
      }
    },
    "node_modules/@types/node": {
      "version": "16.9.1",
      "resolved": "https://registry.npmjs.org/@types/node/-/node-16.9.1.tgz",
      "integrity": "sha512-QpLcX9ZSsq3YYUUnD3nFDY8H7wctAhQj/TFKL8Ya8v5fMm3CFXxo8zStsLAl780ltoYoo1WvKUVGBQK+1ifr7g=="
    },
    "node_modules/typescript": {
      "version": "3.9.6",
      "resolved": "https://registry.npmjs.org/typescript/-/typescript-3.9.6.tgz",
      "integrity": "sha512-Pspx3oKAPJtjNwE92YS05HQoY7z2SFyOpHo9MqJor3BXAGNaPUs83CuVp9VISFkSjyRfiTpmKuAYGJB7S7hOxw==",
      "dev": true,
      "bin": {
        "tsc": "bin/tsc",
        "tsserver": "bin/tsserver"
      },
      "engines": {
        "node": ">=4.2.0"
      }
    },
    "node_modules/ziron-engine": {
      "version": "2.1.0",
      "resolved": "https://registry.npmjs.org/ziron-engine/-/ziron-engine-2.1.0.tgz",
      "integrity": "sha512-ZkCCTt/n6CSPsFehjCh0h4t3EPDGga5M6GgYxIJ0RuGUEw+VWophWZofFmDcfg1o1pFcubyxK1UY35JfaBE2dg=="
    }
  },
  "dependencies": {
    "@types/node": {
      "version": "16.9.1",
      "resolved": "https://registry.npmjs.org/@types/node/-/node-16.9.1.tgz",
      "integrity": "sha512-QpLcX9ZSsq3YYUUnD3nFDY8H7wctAhQj/TFKL8Ya8v5fMm3CFXxo8zStsLAl780ltoYoo1WvKUVGBQK+1ifr7g=="
    },
    "typescript": {
      "version": "3.9.6",
      "resolved": "https://registry.npmjs.org/typescript/-/typescript-3.9.6.tgz",
      "integrity": "sha512-Pspx3oKAPJtjNwE92YS05HQoY7z2SFyOpHo9MqJor3BXAGNaPUs83CuVp9VISFkSjyRfiTpmKuAYGJB7S7hOxw==",
      "dev": true
    },
    "ziron-engine": {
      "version": "2.1.0",
      "resolved": "https://registry.npmjs.org/ziron-engine/-/ziron-engine-2.1.0.tgz",
      "integrity": "sha512-ZkCCTt/n6CSPsFehjCh0h4t3EPDGga5M6GgYxIJ0RuGUEw+VWophWZofFmDcfg1o1pFcubyxK1UY35JfaBE2dg=="
    }
  }
}
